
Microsoft Visual Studio Solution File, Format Version 12.00
# Visual Studio Version 16
VisualStudioVersion = 16.0.31321.278
MinimumVisualStudioVersion = 10.0.40219.1
Project("{FAE04EC0-301F-11D3-BF4B-00C04F79EFBC}") = "ProjectMutagenesis", "ProjectMutagenesis\ProjectMutagenesis.csproj", "{8BB223D7-3666-48DE-A4AD-D7BF8710FAA0}"
EndProject
Global
	GlobalSection(SolutionConfigurationPlatforms) = preSolution
		Debug|Any CPU = Debug|Any CPU
		Release|Any CPU = Release|Any CPU
	EndGlobalSection
	GlobalSection(ProjectConfigurationPlatforms) = postSolution
		{8BB223D7-3666-48DE-A4AD-D7BF8710FAA0}.Debug|Any CPU.ActiveCfg = Debug|Any CPU
		{8BB223D7-3666-48DE-A4AD-D7BF8710FAA0}.Debug|Any CPU.Build.0 = Debug|Any CPU
		{8BB223D7-3666-48DE-A4AD-D7BF8710FAA0}.Release|Any CPU.ActiveCfg = Release|Any CPU
		{8BB223D7-3666-48DE-A4AD-D7BF8710FAA0}.Release|Any CPU.Build.0 = Release|Any CPU
	EndGlobalSection
	GlobalSection(SolutionProperties) = preSolution
		HideSolutionNode = FALSE
	EndGlobalSection
	GlobalSection(ExtensibilityGlobals) = postSolution
		SolutionGuid = {5A24918F-4ED6-421B-B80A-FFBEAFCD05C5}
	EndGlobalSection
EndGlobal
